
Microsoft Visual Studio Solution File, Format Version 12.00
# Visual Studio Version 16
VisualStudioVersion = 16.0.31702.278
MinimumVisualStudioVersion = 10.0.40219.1
Project("{FAE04EC0-301F-11D3-BF4B-00C04F79EFBC}") = "Lab14_WpfApp", "Lab14_WpfApp\Lab14_WpfApp.csproj", "{D3A34BD7-B340-4AD3-938F-9692A4EB62E6}"
EndProject
Global
	GlobalSection(SolutionConfigurationPlatforms) = preSolution
		Debug|Any CPU = Debug|Any CPU
		Release|Any CPU = Release|Any CPU
	EndGlobalSection
	GlobalSection(ProjectConfigurationPlatforms) = postSolution
		{D3A34BD7-B340-4AD3-938F-9692A4EB62E6}.Debug|Any CPU.ActiveCfg = Debug|Any CPU
		{D3A34BD7-B340-4AD3-938F-9692A4EB62E6}.Debug|Any CPU.Build.0 = Debug|Any CPU
		{D3A34BD7-B340-4AD3-938F-9692A4EB62E6}.Release|Any CPU.ActiveCfg = Release|Any CPU
		{D3A34BD7-B340-4AD3-938F-9692A4EB62E6}.Release|Any CPU.Build.0 = Release|Any CPU
	EndGlobalSection
	GlobalSection(SolutionProperties) = preSolution
		HideSolutionNode = FALSE
	EndGlobalSection
	GlobalSection(ExtensibilityGlobals) = postSolution
		SolutionGuid = {3AD2DAF5-A770-4CC6-99E2-2B79423EECE9}
	EndGlobalSection
EndGlobal
